
Microsoft Visual Studio Solution File, Format Version 12.00
# Visual Studio Version 17
VisualStudioVersion = 17.5.33530.505
MinimumVisualStudioVersion = 10.0.40219.1
Project("{FAE04EC0-301F-11D3-BF4B-00C04F79EFBC}") = "zavedenie_Milen", "zavedenie_Milen\zavedenie_Milen.csproj", "{CC61B7DF-AB0D-43C4-BE2E-6DBF895B21CA}"
EndProject
Project("{FAE04EC0-301F-11D3-BF4B-00C04F79EFBC}") = "Заведение", "Заведение\Заведение.csproj", "{3578EF67-C474-45BE-BC72-14FA4F431EC4}"
EndProject
Global
	GlobalSection(SolutionConfigurationPlatforms) = preSolution
		Debug|Any CPU = Debug|Any CPU
		Release|Any CPU = Release|Any CPU
	EndGlobalSection
	GlobalSection(ProjectConfigurationPlatforms) = postSolution
		{CC61B7DF-AB0D-43C4-BE2E-6DBF895B21CA}.Debug|Any CPU.ActiveCfg = Debug|Any CPU
		{CC61B7DF-AB0D-43C4-BE2E-6DBF895B21CA}.Debug|Any CPU.Build.0 = Debug|Any CPU
		{CC61B7DF-AB0D-43C4-BE2E-6DBF895B21CA}.Release|Any CPU.ActiveCfg = Release|Any CPU
		{CC61B7DF-AB0D-43C4-BE2E-6DBF895B21CA}.Release|Any CPU.Build.0 = Release|Any CPU
		{3578EF67-C474-45BE-BC72-14FA4F431EC4}.Debug|Any CPU.ActiveCfg = Debug|Any CPU
		{3578EF67-C474-45BE-BC72-14FA4F431EC4}.Debug|Any CPU.Build.0 = Debug|Any CPU
		{3578EF67-C474-45BE-BC72-14FA4F431EC4}.Release|Any CPU.ActiveCfg = Release|Any CPU
		{3578EF67-C474-45BE-BC72-14FA4F431EC4}.Release|Any CPU.Build.0 = Release|Any CPU
	EndGlobalSection
	GlobalSection(SolutionProperties) = preSolution
		HideSolutionNode = FALSE
	EndGlobalSection
	GlobalSection(ExtensibilityGlobals) = postSolution
		SolutionGuid = {E71244DB-FD72-41BA-AB3F-728516E9B7A1}
	EndGlobalSection
EndGlobal
